// !$*UTF8*$!
{
	archiveVersion = 1;
	classes = {
	};
	objectVersion = 46;
	objects = {

/* Begin PBXBuildFile section */
		C9A4B9371C1D22010017A696 /* AppDelegate.swift in Sources */ = {isa = PBXBuildFile; fileRef = C9A4B9361C1D22010017A696 /* AppDelegate.swift */; };
		C9A4B9391C1D22010017A696 /* ViewController.swift in Sources */ = {isa = PBXBuildFile; fileRef = C9A4B9381C1D22010017A696 /* ViewController.swift */; };
		C9A4B93C1C1D22010017A696 /* Main.storyboard in Resources */ = {isa = PBXBuildFile; fileRef = C9A4B93A1C1D22010017A696 /* Main.storyboard */; };
		C9A4B93F1C1D22010017A696 /* swift_ios9_coredata_sample.xcdatamodeld in Sources */ = {isa = PBXBuildFile; fileRef = C9A4B93D1C1D22010017A696 /* swift_ios9_coredata_sample.xcdatamodeld */; };
		C9A4B9411C1D22010017A696 /* Assets.xcassets in Resources */ = {isa = PBXBuildFile; fileRef = C9A4B9401C1D22010017A696 /* Assets.xcassets */; };
		C9A4B9441C1D22010017A696 /* LaunchScreen.storyboard in Resources */ = {isa = PBXBuildFile; fileRef = C9A4B9421C1D22010017A696 /* LaunchScreen.storyboard */; };
/* End PBXBuildFile section */

/* Begin PBXFileReference section */
		C9A4B9331C1D22010017A696 /* swift-ios9-coredata-sample.app */ = {isa = PBXFileReference; explicitFileType = wrapper.application; includeInIndex = 0; path = "swift-ios9-coredata-sample.app"; sourceTree = BUILT_PRODUCTS_DIR; };
		C9A4B9361C1D22010017A696 /* AppDelegate.swift */ = {isa = PBXFileReference; lastKnownFileType = sourcecode.swift; path = AppDelegate.swift; sourceTree = "<group>"; };
		C9A4B9381C1D22010017A696 /* ViewController.swift */ = {isa = PBXFileReference; lastKnownFileType = sourcecode.swift; path = ViewController.swift; sourceTree = "<group>"; };
		C9A4B93B1C1D22010017A696 /* Base */ = {isa = PBXFileReference; lastKnownFileType = file.storyboard; name = Base; path = Base.lproj/Main.storyboard; sourceTree = "<group>"; };
		C9A4B93E1C1D22010017A696 /* swift_ios9_coredata_sample.xcdatamodel */ = {isa = PBXFileReference; lastKnownFileType = wrapper.xcdatamodel; path = swift_ios9_coredata_sample.xcdatamodel; sourceTree = "<group>"; };
		C9A4B9401C1D22010017A696 /* Assets.xcassets */ = {isa = PBXFileReference; lastKnownFileType = folder.assetcatalog; path = Assets.xcassets; sourceTree = "<group>"; };
		C9A4B9431C1D22010017A696 /* Base */ = {isa = PBXFileReference; lastKnownFileType = file.storyboard; name = Base; path = Base.lproj/LaunchScreen.storyboard; sourceTree = "<group>"; };
		C9A4B9451C1D22010017A696 /* Info.plist */ = {isa = PBXFileReference; lastKnownFileType = text.plist.xml; path = Info.plist; sourceTree = "<group>"; };
/* End PBXFileReference section */

/* Begin PBXFrameworksBuildPhase section */
		C9A4B9301C1D22010017A696 /* Frameworks */ = {
			isa = PBXFrameworksBuildPhase;
			buildActionMask = 2147483647;
			files = (
			);
			runOnlyForDeploymentPostprocessing = 0;
		};
/* End PBXFrameworksBuildPhase section */

/* Begin PBXGroup section */
		C9A4B92A1C1D22010017A696 = {
			isa = PBXGroup;
			children = (
				C9A4B9351C1D22010017A696 /* swift-ios9-coredata-sample */,
				C9A4B9341C1D22010017A696 /* Products */,
			);
			sourceTree = "<group>";
		};
		C9A4B9341C1D22010017A696 /* Products */ = {
			isa = PBXGroup;
			children = (
				C9A4B9331C1D22010017A696 /* swift-ios9-coredata-sample.app */,
			);
			name = Products;
			sourceTree = "<group>";
		};
		C9A4B9351C1D22010017A696 /* swift-ios9-coredata-sample */ = {
			isa = PBXGroup;
			children = (
				C9A4B9361C1D22010017A696 /* AppDelegate.swift */,
				C9A4B9381C1D22010017A696 /* ViewController.swift */,
				C9A4B93A1C1D22010017A696 /* Main.storyboard */,
				C9A4B9401C1D22010017A696 /* Assets.xcassets */,
				C9A4B9421C1D22010017A696 /* LaunchScreen.storyboard */,
				C9A4B9451C1D22010017A696 /* Info.plist */,
				C9A4B93D1C1D22010017A696 /* swift_ios9_coredata_sample.xcdatamodeld */,
			);
			path = "swift-ios9-coredata-sample";
			sourceTree = "<group>";
		};
/* End PBXGroup section */

/* Begin PBXNativeTarget section */
		C9A4B9321C1D22010017A696 /* swift-ios9-coredata-sample */ = {
			isa = PBXNativeTarget;
			buildConfigurationList = C9A4B9481C1D22010017A696 /* Build configuration list for PBXNativeTarget "swift-ios9-coredata-sample" */;
			buildPhases = (
				C9A4B92F1C1D22010017A696 /* Sources */,
				C9A4B9301C1D22010017A696 /* Frameworks */,
				C9A4B9311C1D22010017A696 /* Resources */,
			);
			buildRules = (
			);
			dependencies = (
			);
			name = "swift-ios9-coredata-sample";
			productName = "swift-ios9-coredata-sample";
			productReference = C9A4B9331C1D22010017A696 /* swift-ios9-coredata-sample.app */;
			productType = "com.apple.product-type.application";
		};
/* End PBXNativeTarget section */

/* Begin PBXProject section */
		C9A4B92B1C1D22010017A696 /* Project object */ = {
			isa = PBXProject;
			attributes = {
				LastSwiftUpdateCheck = 0720;
				LastUpgradeCheck = 0720;
				ORGANIZATIONNAME = "Prince Kumar";
				TargetAttributes = {
					C9A4B9321C1D22010017A696 = {
						CreatedOnToolsVersion = 7.2;
					};
				};
			};
			buildConfigurationList = C9A4B92E1C1D22010017A696 /* Build configuration list for PBXProject "swift-ios9-coredata-sample" */;
			compatibilityVersion = "Xcode 3.2";
			developmentRegion = English;
			hasScannedForEncodings = 0;
			knownRegions = (
				en,
				Base,
			);
			mainGroup = C9A4B92A1C1D22010017A696;
			productRefGroup = C9A4B9341C1D22010017A696 /* Products */;
			projectDirPath = "";
			projectRoot = "";
			targets = (
				C9A4B9321C1D22010017A696 /* swift-ios9-coredata-sample */,
			);
		};
/* End PBXProject section */

/* Begin PBXResourcesBuildPhase section */
		C9A4B9311C1D22010017A696 /* Resources */ = {
			isa = PBXResourcesBuildPhase;
			buildActionMask = 2147483647;
			files = (
				C9A4B9441C1D22010017A696 /* LaunchScreen.storyboard in Resources */,
				C9A4B9411C1D22010017A696 /* Assets.xcassets in Resources */,
				C9A4B93C1C1D22010017A696 /* Main.storyboard in Resources */,
			);
			runOnlyForDeploymentPostprocessing = 0;
		};
/* End PBXResourcesBuildPhase section */

/* Begin PBXSourcesBuildPhase section */
		C9A4B92F1C1D22010017A696 /* Sources */ = {
			isa = PBXSourcesBuildPhase;
			buildActionMask = 2147483647;
			files = (
				C9A4B9391C1D22010017A696 /* ViewController.swift in Sources */,
				C9A4B9371C1D22010017A696 /* AppDelegate.swift in Sources */,
				C9A4B93F1C1D22010017A696 /* swift_ios9_coredata_sample.xcdatamodeld in Sources */,
			);
			runOnlyForDeploymentPostprocessing = 0;
		};
/* End PBXSourcesBuildPhase section */

/* Begin PBXVariantGroup section */
		C9A4B93A1C1D22010017A696 /* Main.storyboard */ = {
			isa = PBXVariantGroup;
			children = (
				C9A4B93B1C1D22010017A696 /* Base */,
			);
			name = Main.storyboard;
			sourceTree = "<group>";
		};
		C9A4B9421C1D22010017A696 /* LaunchScreen.storyboard */ = {
			isa = PBXVariantGroup;
			children = (
				C9A4B9431C1D22010017A696 /* Base */,
			);
			name = LaunchScreen.storyboard;
			sourceTree = "<group>";
		};
/* End PBXVariantGroup section */

/* Begin XCBuildConfiguration section */
		C9A4B9461C1D22010017A696 /* Debug */ = {
			isa = XCBuildConfiguration;
			buildSettings = {
				ALWAYS_SEARCH_USER_PATHS = NO;
				CLANG_CXX_LANGUAGE_STANDARD = "gnu++0x";
				CLANG_CXX_LIBRARY = "libc++";
				CLANG_ENABLE_MODULES = YES;
				CLANG_ENABLE_OBJC_ARC = YES;
				CLANG_WARN_BOOL_CONVERSION = YES;
				CLANG_WARN_CONSTANT_CONVERSION = YES;
				CLANG_WARN_DIRECT_OBJC_ISA_USAGE = YES_ERROR;
				CLANG_WARN_EMPTY_BODY = YES;
				CLANG_WARN_ENUM_CONVERSION = YES;
				CLANG_WARN_INT_CONVERSION = YES;
				CLANG_WARN_OBJC_ROOT_CLASS = YES_ERROR;
				CLANG_WARN_UNREACHABLE_CODE = YES;
				CLANG_WARN__DUPLICATE_METHOD_MATCH = YES;
				"CODE_SIGN_IDENTITY[sdk=iphoneos*]" = "iPhone Developer";
				COPY_PHASE_STRIP = NO;
				DEBUG_INFORMATION_FORMAT = dwarf;
				ENABLE_STRICT_OBJC_MSGSEND = YES;
				ENABLE_TESTABILITY = YES;
				GCC_C_LANGUAGE_STANDARD = gnu99;
				GCC_DYNAMIC_NO_PIC = NO;
				GCC_NO_COMMON_BLOCKS = YES;
				GCC_OPTIMIZATION_LEVEL = 0;
				GCC_PREPROCESSOR_DEFINITIONS = (
					"DEBUG=1",
					"$(inherited)",
				);
				GCC_WARN_64_TO_32_BIT_CONVERSION = YES;
				GCC_WARN_ABOUT_RETURN_TYPE = YES_ERROR;
				GCC_WARN_UNDECLARED_SELECTOR = YES;
				GCC_WARN_UNINITIALIZED_AUTOS = YES_AGGRESSIVE;
				GCC_WARN_UNUSED_FUNCTION = YES;
				GCC_WARN_UNUSED_VARIABLE = YES;
				IPHONEOS_DEPLOYMENT_TARGET = 9.2;
				MTL_ENABLE_DEBUG_INFO = YES;
				ONLY_ACTIVE_ARCH = YES;
				SDKROOT = iphoneos;
				SWIFT_OPTIMIZATION_LEVEL = "-Onone";
				TARGETED_DEVICE_FAMILY = "1,2";
			};
			name = Debug;
		};
		C9A4B9471C1D22010017A696 /* Release */ = {
			isa = XCBuildConfiguration;
			buildSettings = {
				ALWAYS_SEARCH_USER_PATHS = NO;
				CLANG_CXX_LANGUAGE_STANDARD = "gnu++0x";
				CLANG_CXX_LIBRARY = "libc++";
				CLANG_ENABLE_MODULES = YES;
				CLANG_ENABLE_OBJC_ARC = YES;
				CLANG_WARN_BOOL_CONVERSION = YES;
				CLANG_WARN_CONSTANT_CONVERSION = YES;
				CLANG_WARN_DIRECT_OBJC_ISA_USAGE = YES_ERROR;
				CLANG_WARN_EMPTY_BODY = YES;
				CLANG_WARN_ENUM_CONVERSION = YES;
				CLANG_WARN_INT_CONVERSION = YES;
				CLANG_WARN_OBJC_ROOT_CLASS = YES_ERROR;
				CLANG_WARN_UNREACHABLE_CODE = YES;
				CLANG_WARN__DUPLICATE_METHOD_MATCH = YES;
				"CODE_SIGN_IDENTITY[sdk=iphoneos*]" = "iPhone Developer";
				COPY_PHASE_STRIP = NO;
				DEBUG_INFORMATION_FORMAT = "dwarf-with-dsym";
				ENABLE_NS_ASSERTIONS = NO;
				ENABLE_STRICT_OBJC_MSGSEND = YES;
				GCC_C_LANGUAGE_STANDARD = gnu99;
				GCC_NO_COMMON_BLOCKS = YES;
				GCC_WARN_64_TO_32_BIT_CONVERSION = YES;
				GCC_WARN_ABOUT_RETURN_TYPE = YES_ERROR;
				GCC_WARN_UNDECLARED_SELECTOR = YES;
				GCC_WARN_UNINITIALIZED_AUTOS = YES_AGGRESSIVE;
				GCC_WARN_UNUSED_FUNCTION = YES;
				GCC_WARN_UNUSED_VARIABLE = YES;
				IPHONEOS_DEPLOYMENT_TARGET = 9.2;
				MTL_ENABLE_DEBUG_INFO = NO;
				SDKROOT = iphoneos;
				TARGETED_DEVICE_FAMILY = "1,2";
				VALIDATE_PRODUCT = YES;
			};
			name = Release;
		};
		C9A4B9491C1D22010017A696 /* Debug */ = {
			isa = XCBuildConfiguration;
			buildSettings = {
				ASSETCATALOG_COMPILER_APPICON_NAME = AppIcon;
				INFOPLIST_FILE = "swift-ios9-coredata-sample/Info.plist";
				LD_RUNPATH_SEARCH_PATHS = "$(inherited) @executable_path/Frameworks";
				PRODUCT_BUNDLE_IDENTIFIER = "in.vividapps.swift-ios9-coredata-sample";
				PRODUCT_NAME = "$(TARGET_NAME)";
			};
			name = Debug;
		};
		C9A4B94A1C1D22010017A696 /* Release */ = {
			isa = XCBuildConfiguration;
			buildSettings = {
				ASSETCATALOG_COMPILER_APPICON_NAME = AppIcon;
				INFOPLIST_FILE = "swift-ios9-coredata-sample/Info.plist";
				LD_RUNPATH_SEARCH_PATHS = "$(inherited) @executable_path/Frameworks";
				PRODUCT_BUNDLE_IDENTIFIER = "in.vividapps.swift-ios9-coredata-sample";
				PRODUCT_NAME = "$(TARGET_NAME)";
			};
			name = Release;
		};
/* End XCBuildConfiguration section */

/* Begin XCConfigurationList section */
		C9A4B92E1C1D22010017A696 /* Build configuration list for PBXProject "swift-ios9-coredata-sample" */ = {
			isa = XCConfigurationList;
			buildConfigurations = (
				C9A4B9461C1D22010017A696 /* Debug */,
				C9A4B9471C1D22010017A696 /* Release */,
			);
			defaultConfigurationIsVisible = 0;
			defaultConfigurationName = Release;
		};
		C9A4B9481C1D22010017A696 /* Build configuration list for PBXNativeTarget "swift-ios9-coredata-sample" */ = {
			isa = XCConfigurationList;
			buildConfigurations = (
				C9A4B9491C1D22010017A696 /* Debug */,
				C9A4B94A1C1D22010017A696 /* Release */,
			);
			defaultConfigurationIsVisible = 0;
		};
/* End XCConfigurationList section */

/* Begin XCVersionGroup section */
		C9A4B93D1C1D22010017A696 /* swift_ios9_coredata_sample.xcdatamodeld */ = {
			isa = XCVersionGroup;
			children = (
				C9A4B93E1C1D22010017A696 /* swift_ios9_coredata_sample.xcdatamodel */,
			);
			currentVersion = C9A4B93E1C1D22010017A696 /* swift_ios9_coredata_sample.xcdatamodel */;
			path = swift_ios9_coredata_sample.xcdatamodeld;
			sourceTree = "<group>";
			versionGroupType = wrapper.xcdatamodel;
		};
/* End XCVersionGroup section */
	};
	rootObject = C9A4B92B1C1D22010017A696 /* Project object */;
}
